
Microsoft Visual Studio Solution File, Format Version 12.00
# Visual Studio Version 17
VisualStudioVersion = 17.7.34031.279
MinimumVisualStudioVersion = 10.0.40219.1
Project("{FAE04EC0-301F-11D3-BF4B-00C04F79EFBC}") = "SecondTask", "SecondTask\SecondTask.csproj", "{EDA37045-4509-4972-B8F4-1F0702F7481F}"
EndProject
Global
	GlobalSection(SolutionConfigurationPlatforms) = preSolution
		Debug|Any CPU = Debug|Any CPU
		Release|Any CPU = Release|Any CPU
	EndGlobalSection
	GlobalSection(ProjectConfigurationPlatforms) = postSolution
		{EDA37045-4509-4972-B8F4-1F0702F7481F}.Debug|Any CPU.ActiveCfg = Debug|Any CPU
		{EDA37045-4509-4972-B8F4-1F0702F7481F}.Debug|Any CPU.Build.0 = Debug|Any CPU
		{EDA37045-4509-4972-B8F4-1F0702F7481F}.Release|Any CPU.ActiveCfg = Release|Any CPU
		{EDA37045-4509-4972-B8F4-1F0702F7481F}.Release|Any CPU.Build.0 = Release|Any CPU
	EndGlobalSection
	GlobalSection(SolutionProperties) = preSolution
		HideSolutionNode = FALSE
	EndGlobalSection
	GlobalSection(ExtensibilityGlobals) = postSolution
		SolutionGuid = {8D5D3334-4B07-496F-AFDD-D389300C87D0}
	EndGlobalSection
EndGlobal
